// !$*UTF8*$!
{
	archiveVersion = 1;
	classes = {
	};
	objectVersion = 56;
	objects = {

/* Begin PBXBuildFile section */
		9F5886442B21F7AB00B7F119 /* AppDelegate.m in Sources */ = {isa = PBXBuildFile; fileRef = 9F5886432B21F7AB00B7F119 /* AppDelegate.m */; };
		9F5886472B21F7AB00B7F119 /* SceneDelegate.m in Sources */ = {isa = PBXBuildFile; fileRef = 9F5886462B21F7AB00B7F119 /* SceneDelegate.m */; };
		9F58864A2B21F7AB00B7F119 /* ViewController.m in Sources */ = {isa = PBXBuildFile; fileRef = 9F5886492B21F7AB00B7F119 /* ViewController.m */; };
		9F58864D2B21F7AB00B7F119 /* Main.storyboard in Resources */ = {isa = PBXBuildFile; fileRef = 9F58864B2B21F7AB00B7F119 /* Main.storyboard */; };
		9F58864F2B21F7AE00B7F119 /* Assets.xcassets in Resources */ = {isa = PBXBuildFile; fileRef = 9F58864E2B21F7AE00B7F119 /* Assets.xcassets */; };
		9F5886522B21F7AE00B7F119 /* LaunchScreen.storyboard in Resources */ = {isa = PBXBuildFile; fileRef = 9F5886502B21F7AE00B7F119 /* LaunchScreen.storyboard */; };
		9F5886552B21F7AE00B7F119 /* main.m in Sources */ = {isa = PBXBuildFile; fileRef = 9F5886542B21F7AE00B7F119 /* main.m */; };
		9F58865D2B21F8E000B7F119 /* Robot.m in Sources */ = {isa = PBXBuildFile; fileRef = 9F58865C2B21F8E000B7F119 /* Robot.m */; };
		9F5886602B21F9A900B7F119 /* FirstViewController.m in Sources */ = {isa = PBXBuildFile; fileRef = 9F58865F2B21F9A900B7F119 /* FirstViewController.m */; };
		9F5886632B21FBD100B7F119 /* SecondViewController.m in Sources */ = {isa = PBXBuildFile; fileRef = 9F5886622B21FBD100B7F119 /* SecondViewController.m */; };
/* End PBXBuildFile section */

/* Begin PBXFileReference section */
		9F58863F2B21F7AB00B7F119 /* ObjCFinal.app */ = {isa = PBXFileReference; explicitFileType = wrapper.application; includeInIndex = 0; path = ObjCFinal.app; sourceTree = BUILT_PRODUCTS_DIR; };
		9F5886422B21F7AB00B7F119 /* AppDelegate.h */ = {isa = PBXFileReference; lastKnownFileType = sourcecode.c.h; path = AppDelegate.h; sourceTree = "<group>"; };
		9F5886432B21F7AB00B7F119 /* AppDelegate.m */ = {isa = PBXFileReference; lastKnownFileType = sourcecode.c.objc; path = AppDelegate.m; sourceTree = "<group>"; };
		9F5886452B21F7AB00B7F119 /* SceneDelegate.h */ = {isa = PBXFileReference; lastKnownFileType = sourcecode.c.h; path = SceneDelegate.h; sourceTree = "<group>"; };
		9F5886462B21F7AB00B7F119 /* SceneDelegate.m */ = {isa = PBXFileReference; lastKnownFileType = sourcecode.c.objc; path = SceneDelegate.m; sourceTree = "<group>"; };
		9F5886482B21F7AB00B7F119 /* ViewController.h */ = {isa = PBXFileReference; lastKnownFileType = sourcecode.c.h; path = ViewController.h; sourceTree = "<group>"; };
		9F5886492B21F7AB00B7F119 /* ViewController.m */ = {isa = PBXFileReference; lastKnownFileType = sourcecode.c.objc; path = ViewController.m; sourceTree = "<group>"; };
		9F58864C2B21F7AB00B7F119 /* Base */ = {isa = PBXFileReference; lastKnownFileType = file.storyboard; name = Base; path = Base.lproj/Main.storyboard; sourceTree = "<group>"; };
		9F58864E2B21F7AE00B7F119 /* Assets.xcassets */ = {isa = PBXFileReference; lastKnownFileType = folder.assetcatalog; path = Assets.xcassets; sourceTree = "<group>"; };
		9F5886512B21F7AE00B7F119 /* Base */ = {isa = PBXFileReference; lastKnownFileType = file.storyboard; name = Base; path = Base.lproj/LaunchScreen.storyboard; sourceTree = "<group>"; };
		9F5886532B21F7AE00B7F119 /* Info.plist */ = {isa = PBXFileReference; lastKnownFileType = text.plist.xml; path = Info.plist; sourceTree = "<group>"; };
		9F5886542B21F7AE00B7F119 /* main.m */ = {isa = PBXFileReference; lastKnownFileType = sourcecode.c.objc; path = main.m; sourceTree = "<group>"; };
		9F58865B2B21F88D00B7F119 /* Robot.h */ = {isa = PBXFileReference; lastKnownFileType = sourcecode.c.h; path = Robot.h; sourceTree = "<group>"; };
		9F58865C2B21F8E000B7F119 /* Robot.m */ = {isa = PBXFileReference; lastKnownFileType = sourcecode.c.objc; path = Robot.m; sourceTree = "<group>"; };
		9F58865E2B21F9A900B7F119 /* FirstViewController.h */ = {isa = PBXFileReference; lastKnownFileType = sourcecode.c.h; path = FirstViewController.h; sourceTree = "<group>"; };
		9F58865F2B21F9A900B7F119 /* FirstViewController.m */ = {isa = PBXFileReference; lastKnownFileType = sourcecode.c.objc; path = FirstViewController.m; sourceTree = "<group>"; };
		9F5886612B21FBD100B7F119 /* SecondViewController.h */ = {isa = PBXFileReference; lastKnownFileType = sourcecode.c.h; path = SecondViewController.h; sourceTree = "<group>"; };
		9F5886622B21FBD100B7F119 /* SecondViewController.m */ = {isa = PBXFileReference; lastKnownFileType = sourcecode.c.objc; path = SecondViewController.m; sourceTree = "<group>"; };
/* End PBXFileReference section */

/* Begin PBXFrameworksBuildPhase section */
		9F58863C2B21F7AB00B7F119 /* Frameworks */ = {
			isa = PBXFrameworksBuildPhase;
			buildActionMask = 2147483647;
			files = (
			);
			runOnlyForDeploymentPostprocessing = 0;
		};
/* End PBXFrameworksBuildPhase section */

/* Begin PBXGroup section */
		9F5886362B21F7AB00B7F119 = {
			isa = PBXGroup;
			children = (
				9F5886412B21F7AB00B7F119 /* ObjCFinal */,
				9F5886402B21F7AB00B7F119 /* Products */,
			);
			sourceTree = "<group>";
		};
		9F5886402B21F7AB00B7F119 /* Products */ = {
			isa = PBXGroup;
			children = (
				9F58863F2B21F7AB00B7F119 /* ObjCFinal.app */,
			);
			name = Products;
			sourceTree = "<group>";
		};
		9F5886412B21F7AB00B7F119 /* ObjCFinal */ = {
			isa = PBXGroup;
			children = (
				9F5886422B21F7AB00B7F119 /* AppDelegate.h */,
				9F5886432B21F7AB00B7F119 /* AppDelegate.m */,
				9F5886452B21F7AB00B7F119 /* SceneDelegate.h */,
				9F5886462B21F7AB00B7F119 /* SceneDelegate.m */,
				9F5886482B21F7AB00B7F119 /* ViewController.h */,
				9F5886492B21F7AB00B7F119 /* ViewController.m */,
				9F58864B2B21F7AB00B7F119 /* Main.storyboard */,
				9F58864E2B21F7AE00B7F119 /* Assets.xcassets */,
				9F5886502B21F7AE00B7F119 /* LaunchScreen.storyboard */,
				9F5886532B21F7AE00B7F119 /* Info.plist */,
				9F5886542B21F7AE00B7F119 /* main.m */,
				9F58865B2B21F88D00B7F119 /* Robot.h */,
				9F58865C2B21F8E000B7F119 /* Robot.m */,
				9F58865E2B21F9A900B7F119 /* FirstViewController.h */,
				9F58865F2B21F9A900B7F119 /* FirstViewController.m */,
				9F5886612B21FBD100B7F119 /* SecondViewController.h */,
				9F5886622B21FBD100B7F119 /* SecondViewController.m */,
			);
			path = ObjCFinal;
			sourceTree = "<group>";
		};
/* End PBXGroup section */

/* Begin PBXNativeTarget section */
		9F58863E2B21F7AB00B7F119 /* ObjCFinal */ = {
			isa = PBXNativeTarget;
			buildConfigurationList = 9F5886582B21F7AE00B7F119 /* Build configuration list for PBXNativeTarget "ObjCFinal" */;
			buildPhases = (
				9F58863B2B21F7AB00B7F119 /* Sources */,
				9F58863C2B21F7AB00B7F119 /* Frameworks */,
				9F58863D2B21F7AB00B7F119 /* Resources */,
			);
			buildRules = (
			);
			dependencies = (
			);
			name = ObjCFinal;
			productName = ObjCFinal;
			productReference = 9F58863F2B21F7AB00B7F119 /* ObjCFinal.app */;
			productType = "com.apple.product-type.application";
		};
/* End PBXNativeTarget section */

/* Begin PBXProject section */
		9F5886372B21F7AB00B7F119 /* Project object */ = {
			isa = PBXProject;
			attributes = {
				BuildIndependentTargetsInParallel = 1;
				LastUpgradeCheck = 1430;
				TargetAttributes = {
					9F58863E2B21F7AB00B7F119 = {
						CreatedOnToolsVersion = 14.3.1;
					};
				};
			};
			buildConfigurationList = 9F58863A2B21F7AB00B7F119 /* Build configuration list for PBXProject "ObjCFinal" */;
			compatibilityVersion = "Xcode 14.0";
			developmentRegion = en;
			hasScannedForEncodings = 0;
			knownRegions = (
				en,
				Base,
			);
			mainGroup = 9F5886362B21F7AB00B7F119;
			productRefGroup = 9F5886402B21F7AB00B7F119 /* Products */;
			projectDirPath = "";
			projectRoot = "";
			targets = (
				9F58863E2B21F7AB00B7F119 /* ObjCFinal */,
			);
		};
/* End PBXProject section */

/* Begin PBXResourcesBuildPhase section */
		9F58863D2B21F7AB00B7F119 /* Resources */ = {
			isa = PBXResourcesBuildPhase;
			buildActionMask = 2147483647;
			files = (
				9F5886522B21F7AE00B7F119 /* LaunchScreen.storyboard in Resources */,
				9F58864F2B21F7AE00B7F119 /* Assets.xcassets in Resources */,
				9F58864D2B21F7AB00B7F119 /* Main.storyboard in Resources */,
			);
			runOnlyForDeploymentPostprocessing = 0;
		};
/* End PBXResourcesBuildPhase section */

/* Begin PBXSourcesBuildPhase section */
		9F58863B2B21F7AB00B7F119 /* Sources */ = {
			isa = PBXSourcesBuildPhase;
			buildActionMask = 2147483647;
			files = (
				9F58864A2B21F7AB00B7F119 /* ViewController.m in Sources */,
				9F5886602B21F9A900B7F119 /* FirstViewController.m in Sources */,
				9F5886442B21F7AB00B7F119 /* AppDelegate.m in Sources */,
				9F5886632B21FBD100B7F119 /* SecondViewController.m in Sources */,
				9F5886552B21F7AE00B7F119 /* main.m in Sources */,
				9F5886472B21F7AB00B7F119 /* SceneDelegate.m in Sources */,
				9F58865D2B21F8E000B7F119 /* Robot.m in Sources */,
			);
			runOnlyForDeploymentPostprocessing = 0;
		};
/* End PBXSourcesBuildPhase section */

/* Begin PBXVariantGroup section */
		9F58864B2B21F7AB00B7F119 /* Main.storyboard */ = {
			isa = PBXVariantGroup;
			children = (
				9F58864C2B21F7AB00B7F119 /* Base */,
			);
			name = Main.storyboard;
			sourceTree = "<group>";
		};
		9F5886502B21F7AE00B7F119 /* LaunchScreen.storyboard */ = {
			isa = PBXVariantGroup;
			children = (
				9F5886512B21F7AE00B7F119 /* Base */,
			);
			name = LaunchScreen.storyboard;
			sourceTree = "<group>";
		};
/* End PBXVariantGroup section */

/* Begin XCBuildConfiguration section */
		9F5886562B21F7AE00B7F119 /* Debug */ = {
			isa = XCBuildConfiguration;
			buildSettings = {
				ALWAYS_SEARCH_USER_PATHS = NO;
				CLANG_ANALYZER_NONNULL = YES;
				CLANG_ANALYZER_NUMBER_OBJECT_CONVERSION = YES_AGGRESSIVE;
				CLANG_CXX_LANGUAGE_STANDARD = "gnu++20";
				CLANG_ENABLE_MODULES = YES;
				CLANG_ENABLE_OBJC_ARC = YES;
				CLANG_ENABLE_OBJC_WEAK = YES;
				CLANG_WARN_BLOCK_CAPTURE_AUTORELEASING = YES;
				CLANG_WARN_BOOL_CONVERSION = YES;
				CLANG_WARN_COMMA = YES;
				CLANG_WARN_CONSTANT_CONVERSION = YES;
				CLANG_WARN_DEPRECATED_OBJC_IMPLEMENTATIONS = YES;
				CLANG_WARN_DIRECT_OBJC_ISA_USAGE = YES_ERROR;
				CLANG_WARN_DOCUMENTATION_COMMENTS = YES;
				CLANG_WARN_EMPTY_BODY = YES;
				CLANG_WARN_ENUM_CONVERSION = YES;
				CLANG_WARN_INFINITE_RECURSION = YES;
				CLANG_WARN_INT_CONVERSION = YES;
				CLANG_WARN_NON_LITERAL_NULL_CONVERSION = YES;
				CLANG_WARN_OBJC_IMPLICIT_RETAIN_SELF = YES;
				CLANG_WARN_OBJC_LITERAL_CONVERSION = YES;
				CLANG_WARN_OBJC_ROOT_CLASS = YES_ERROR;
				CLANG_WARN_QUOTED_INCLUDE_IN_FRAMEWORK_HEADER = YES;
				CLANG_WARN_RANGE_LOOP_ANALYSIS = YES;
				CLANG_WARN_STRICT_PROTOTYPES = YES;
				CLANG_WARN_SUSPICIOUS_MOVE = YES;
				CLANG_WARN_UNGUARDED_AVAILABILITY = YES_AGGRESSIVE;
				CLANG_WARN_UNREACHABLE_CODE = YES;
				CLANG_WARN__DUPLICATE_METHOD_MATCH = YES;
				COPY_PHASE_STRIP = NO;
				DEBUG_INFORMATION_FORMAT = dwarf;
				ENABLE_STRICT_OBJC_MSGSEND = YES;
				ENABLE_TESTABILITY = YES;
				GCC_C_LANGUAGE_STANDARD = gnu11;
				GCC_DYNAMIC_NO_PIC = NO;
				GCC_NO_COMMON_BLOCKS = YES;
				GCC_OPTIMIZATION_LEVEL = 0;
				GCC_PREPROCESSOR_DEFINITIONS = (
					"DEBUG=1",
					"$(inherited)",
				);
				GCC_WARN_64_TO_32_BIT_CONVERSION = YES;
				GCC_WARN_ABOUT_RETURN_TYPE = YES_ERROR;
				GCC_WARN_UNDECLARED_SELECTOR = YES;
				GCC_WARN_UNINITIALIZED_AUTOS = YES_AGGRESSIVE;
				GCC_WARN_UNUSED_FUNCTION = YES;
				GCC_WARN_UNUSED_VARIABLE = YES;
				IPHONEOS_DEPLOYMENT_TARGET = 16.4;
				MTL_ENABLE_DEBUG_INFO = INCLUDE_SOURCE;
				MTL_FAST_MATH = YES;
				ONLY_ACTIVE_ARCH = YES;
				SDKROOT = iphoneos;
			};
			name = Debug;
		};
		9F5886572B21F7AE00B7F119 /* Release */ = {
			isa = XCBuildConfiguration;
			buildSettings = {
				ALWAYS_SEARCH_USER_PATHS = NO;
				CLANG_ANALYZER_NONNULL = YES;
				CLANG_ANALYZER_NUMBER_OBJECT_CONVERSION = YES_AGGRESSIVE;
				CLANG_CXX_LANGUAGE_STANDARD = "gnu++20";
				CLANG_ENABLE_MODULES = YES;
				CLANG_ENABLE_OBJC_ARC = YES;
				CLANG_ENABLE_OBJC_WEAK = YES;
				CLANG_WARN_BLOCK_CAPTURE_AUTORELEASING = YES;
				CLANG_WARN_BOOL_CONVERSION = YES;
				CLANG_WARN_COMMA = YES;
				CLANG_WARN_CONSTANT_CONVERSION = YES;
				CLANG_WARN_DEPRECATED_OBJC_IMPLEMENTATIONS = YES;
				CLANG_WARN_DIRECT_OBJC_ISA_USAGE = YES_ERROR;
				CLANG_WARN_DOCUMENTATION_COMMENTS = YES;
				CLANG_WARN_EMPTY_BODY = YES;
				CLANG_WARN_ENUM_CONVERSION = YES;
				CLANG_WARN_INFINITE_RECURSION = YES;
				CLANG_WARN_INT_CONVERSION = YES;
				CLANG_WARN_NON_LITERAL_NULL_CONVERSION = YES;
				CLANG_WARN_OBJC_IMPLICIT_RETAIN_SELF = YES;
				CLANG_WARN_OBJC_LITERAL_CONVERSION = YES;
				CLANG_WARN_OBJC_ROOT_CLASS = YES_ERROR;
				CLANG_WARN_QUOTED_INCLUDE_IN_FRAMEWORK_HEADER = YES;
				CLANG_WARN_RANGE_LOOP_ANALYSIS = YES;
				CLANG_WARN_STRICT_PROTOTYPES = YES;
				CLANG_WARN_SUSPICIOUS_MOVE = YES;
				CLANG_WARN_UNGUARDED_AVAILABILITY = YES_AGGRESSIVE;
				CLANG_WARN_UNREACHABLE_CODE = YES;
				CLANG_WARN__DUPLICATE_METHOD_MATCH = YES;
				COPY_PHASE_STRIP = NO;
				DEBUG_INFORMATION_FORMAT = "dwarf-with-dsym";
				ENABLE_NS_ASSERTIONS = NO;
				ENABLE_STRICT_OBJC_MSGSEND = YES;
				GCC_C_LANGUAGE_STANDARD = gnu11;
				GCC_NO_COMMON_BLOCKS = YES;
				GCC_WARN_64_TO_32_BIT_CONVERSION = YES;
				GCC_WARN_ABOUT_RETURN_TYPE = YES_ERROR;
				GCC_WARN_UNDECLARED_SELECTOR = YES;
				GCC_WARN_UNINITIALIZED_AUTOS = YES_AGGRESSIVE;
				GCC_WARN_UNUSED_FUNCTION = YES;
				GCC_WARN_UNUSED_VARIABLE = YES;
				IPHONEOS_DEPLOYMENT_TARGET = 16.4;
				MTL_ENABLE_DEBUG_INFO = NO;
				MTL_FAST_MATH = YES;
				SDKROOT = iphoneos;
				VALIDATE_PRODUCT = YES;
			};
			name = Release;
		};
		9F5886592B21F7AE00B7F119 /* Debug */ = {
			isa = XCBuildConfiguration;
			buildSettings = {
				ASSETCATALOG_COMPILER_APPICON_NAME = AppIcon;
				ASSETCATALOG_COMPILER_GLOBAL_ACCENT_COLOR_NAME = AccentColor;
				CODE_SIGN_STYLE = Automatic;
				CURRENT_PROJECT_VERSION = 1;
				GENERATE_INFOPLIST_FILE = YES;
				INFOPLIST_FILE = ObjCFinal/Info.plist;
				INFOPLIST_KEY_UIApplicationSupportsIndirectInputEvents = YES;
				INFOPLIST_KEY_UILaunchStoryboardName = LaunchScreen;
				INFOPLIST_KEY_UIMainStoryboardFile = Main;
				INFOPLIST_KEY_UISupportedInterfaceOrientations_iPad = "UIInterfaceOrientationPortrait UIInterfaceOrientationPortraitUpsideDown UIInterfaceOrientationLandscapeLeft UIInterfaceOrientationLandscapeRight";
				INFOPLIST_KEY_UISupportedInterfaceOrientations_iPhone = "UIInterfaceOrientationPortrait UIInterfaceOrientationLandscapeLeft UIInterfaceOrientationLandscapeRight";
				LD_RUNPATH_SEARCH_PATHS = (
					"$(inherited)",
					"@executable_path/Frameworks",
				);
				MARKETING_VERSION = 1.0;
				PRODUCT_BUNDLE_IDENTIFIER = ru.frequenza.test.ObjCFinal;
				PRODUCT_NAME = "$(TARGET_NAME)";
				SWIFT_EMIT_LOC_STRINGS = YES;
				TARGETED_DEVICE_FAMILY = "1,2";
			};
			name = Debug;
		};
		9F58865A2B21F7AE00B7F119 /* Release */ = {
			isa = XCBuildConfiguration;
			buildSettings = {
				ASSETCATALOG_COMPILER_APPICON_NAME = AppIcon;
				ASSETCATALOG_COMPILER_GLOBAL_ACCENT_COLOR_NAME = AccentColor;
				CODE_SIGN_STYLE = Automatic;
				CURRENT_PROJECT_VERSION = 1;
				GENERATE_INFOPLIST_FILE = YES;
				INFOPLIST_FILE = ObjCFinal/Info.plist;
				INFOPLIST_KEY_UIApplicationSupportsIndirectInputEvents = YES;
				INFOPLIST_KEY_UILaunchStoryboardName = LaunchScreen;
				INFOPLIST_KEY_UIMainStoryboardFile = Main;
				INFOPLIST_KEY_UISupportedInterfaceOrientations_iPad = "UIInterfaceOrientationPortrait UIInterfaceOrientationPortraitUpsideDown UIInterfaceOrientationLandscapeLeft UIInterfaceOrientationLandscapeRight";
				INFOPLIST_KEY_UISupportedInterfaceOrientations_iPhone = "UIInterfaceOrientationPortrait UIInterfaceOrientationLandscapeLeft UIInterfaceOrientationLandscapeRight";
				LD_RUNPATH_SEARCH_PATHS = (
					"$(inherited)",
					"@executable_path/Frameworks",
				);
				MARKETING_VERSION = 1.0;
				PRODUCT_BUNDLE_IDENTIFIER = ru.frequenza.test.ObjCFinal;
				PRODUCT_NAME = "$(TARGET_NAME)";
				SWIFT_EMIT_LOC_STRINGS = YES;
				TARGETED_DEVICE_FAMILY = "1,2";
			};
			name = Release;
		};
/* End XCBuildConfiguration section */

/* Begin XCConfigurationList section */
		9F58863A2B21F7AB00B7F119 /* Build configuration list for PBXProject "ObjCFinal" */ = {
			isa = XCConfigurationList;
			buildConfigurations = (
				9F5886562B21F7AE00B7F119 /* Debug */,
				9F5886572B21F7AE00B7F119 /* Release */,
			);
			defaultConfigurationIsVisible = 0;
			defaultConfigurationName = Release;
		};
		9F5886582B21F7AE00B7F119 /* Build configuration list for PBXNativeTarget "ObjCFinal" */ = {
			isa = XCConfigurationList;
			buildConfigurations = (
				9F5886592B21F7AE00B7F119 /* Debug */,
				9F58865A2B21F7AE00B7F119 /* Release */,
			);
			defaultConfigurationIsVisible = 0;
			defaultConfigurationName = Release;
		};
/* End XCConfigurationList section */
	};
	rootObject = 9F5886372B21F7AB00B7F119 /* Project object */;
}
